
Microsoft Visual Studio Solution File, Format Version 12.00
# Visual Studio Version 16
VisualStudioVersion = 16.0.30309.148
MinimumVisualStudioVersion = 10.0.40219.1
Project("{FAE04EC0-301F-11D3-BF4B-00C04F79EFBC}") = "ecommerce.WebASP", "ecommerce.WebASP\ecommerce.WebASP.csproj", "{C9832F15-C473-47ED-94FC-4AAE0A212C51}"
EndProject
Project("{FAE04EC0-301F-11D3-BF4B-00C04F79EFBC}") = "ecommerce.API", "ecommerce.API\ecommerce.API.csproj", "{375FC398-7302-4C58-91A5-1F5B8028398A}"
EndProject
Global
	GlobalSection(SolutionConfigurationPlatforms) = preSolution
		Debug|Any CPU = Debug|Any CPU
		Release|Any CPU = Release|Any CPU
	EndGlobalSection
	GlobalSection(ProjectConfigurationPlatforms) = postSolution
		{C9832F15-C473-47ED-94FC-4AAE0A212C51}.Debug|Any CPU.ActiveCfg = Debug|Any CPU
		{C9832F15-C473-47ED-94FC-4AAE0A212C51}.Debug|Any CPU.Build.0 = Debug|Any CPU
		{C9832F15-C473-47ED-94FC-4AAE0A212C51}.Release|Any CPU.ActiveCfg = Release|Any CPU
		{C9832F15-C473-47ED-94FC-4AAE0A212C51}.Release|Any CPU.Build.0 = Release|Any CPU
		{375FC398-7302-4C58-91A5-1F5B8028398A}.Debug|Any CPU.ActiveCfg = Debug|Any CPU
		{375FC398-7302-4C58-91A5-1F5B8028398A}.Debug|Any CPU.Build.0 = Debug|Any CPU
		{375FC398-7302-4C58-91A5-1F5B8028398A}.Release|Any CPU.ActiveCfg = Release|Any CPU
		{375FC398-7302-4C58-91A5-1F5B8028398A}.Release|Any CPU.Build.0 = Release|Any CPU
	EndGlobalSection
	GlobalSection(SolutionProperties) = preSolution
		HideSolutionNode = FALSE
	EndGlobalSection
	GlobalSection(ExtensibilityGlobals) = postSolution
		SolutionGuid = {85A5059B-C853-4AA3-9F78-04D2A48F28D4}
	EndGlobalSection
EndGlobal
